// !$*UTF8*$!
{
	archiveVersion = 1;
	classes = {
	};
	objectVersion = 46;
	objects = {

/* Begin PBXBuildFile section */
		DB82CE671B01DA530045DE83 /* main.m in Sources */ = {isa = PBXBuildFile; fileRef = DB82CE661B01DA530045DE83 /* main.m */; };
		DB82CE6A1B01DA530045DE83 /* AppDelegate.m in Sources */ = {isa = PBXBuildFile; fileRef = DB82CE691B01DA530045DE83 /* AppDelegate.m */; };
		DB82CE6D1B01DA530045DE83 /* ViewController.m in Sources */ = {isa = PBXBuildFile; fileRef = DB82CE6C1B01DA530045DE83 /* ViewController.m */; };
		DB82CE701B01DA530045DE83 /* Main.storyboard in Resources */ = {isa = PBXBuildFile; fileRef = DB82CE6E1B01DA530045DE83 /* Main.storyboard */; };
		DB82CE721B01DA530045DE83 /* Images.xcassets in Resources */ = {isa = PBXBuildFile; fileRef = DB82CE711B01DA530045DE83 /* Images.xcassets */; };
		DB82CE751B01DA530045DE83 /* LaunchScreen.xib in Resources */ = {isa = PBXBuildFile; fileRef = DB82CE731B01DA530045DE83 /* LaunchScreen.xib */; };
		DB82CE811B01DA530045DE83 /* SimpleCarrieTests.m in Sources */ = {isa = PBXBuildFile; fileRef = DB82CE801B01DA530045DE83 /* SimpleCarrieTests.m */; };
/* End PBXBuildFile section */

/* Begin PBXContainerItemProxy section */
		DB82CE7B1B01DA530045DE83 /* PBXContainerItemProxy */ = {
			isa = PBXContainerItemProxy;
			containerPortal = DB82CE591B01DA530045DE83 /* Project object */;
			proxyType = 1;
			remoteGlobalIDString = DB82CE601B01DA530045DE83;
			remoteInfo = SimpleCarrie;
		};
/* End PBXContainerItemProxy section */

/* Begin PBXFileReference section */
		DB82CE611B01DA530045DE83 /* SimpleCarrie.app */ = {isa = PBXFileReference; explicitFileType = wrapper.application; includeInIndex = 0; path = SimpleCarrie.app; sourceTree = BUILT_PRODUCTS_DIR; };
		DB82CE651B01DA530045DE83 /* Info.plist */ = {isa = PBXFileReference; lastKnownFileType = text.plist.xml; path = Info.plist; sourceTree = "<group>"; };
		DB82CE661B01DA530045DE83 /* main.m */ = {isa = PBXFileReference; lastKnownFileType = sourcecode.c.objc; path = main.m; sourceTree = "<group>"; };
		DB82CE681B01DA530045DE83 /* AppDelegate.h */ = {isa = PBXFileReference; lastKnownFileType = sourcecode.c.h; path = AppDelegate.h; sourceTree = "<group>"; };
		DB82CE691B01DA530045DE83 /* AppDelegate.m */ = {isa = PBXFileReference; lastKnownFileType = sourcecode.c.objc; path = AppDelegate.m; sourceTree = "<group>"; };
		DB82CE6B1B01DA530045DE83 /* ViewController.h */ = {isa = PBXFileReference; lastKnownFileType = sourcecode.c.h; path = ViewController.h; sourceTree = "<group>"; };
		DB82CE6C1B01DA530045DE83 /* ViewController.m */ = {isa = PBXFileReference; lastKnownFileType = sourcecode.c.objc; path = ViewController.m; sourceTree = "<group>"; };
		DB82CE6F1B01DA530045DE83 /* Base */ = {isa = PBXFileReference; lastKnownFileType = file.storyboard; name = Base; path = Base.lproj/Main.storyboard; sourceTree = "<group>"; };
		DB82CE711B01DA530045DE83 /* Images.xcassets */ = {isa = PBXFileReference; lastKnownFileType = folder.assetcatalog; path = Images.xcassets; sourceTree = "<group>"; };
		DB82CE741B01DA530045DE83 /* Base */ = {isa = PBXFileReference; lastKnownFileType = file.xib; name = Base; path = Base.lproj/LaunchScreen.xib; sourceTree = "<group>"; };
		DB82CE7A1B01DA530045DE83 /* SimpleCarrieTests.xctest */ = {isa = PBXFileReference; explicitFileType = wrapper.cfbundle; includeInIndex = 0; path = SimpleCarrieTests.xctest; sourceTree = BUILT_PRODUCTS_DIR; };
		DB82CE7F1B01DA530045DE83 /* Info.plist */ = {isa = PBXFileReference; lastKnownFileType = text.plist.xml; path = Info.plist; sourceTree = "<group>"; };
		DB82CE801B01DA530045DE83 /* SimpleCarrieTests.m */ = {isa = PBXFileReference; lastKnownFileType = sourcecode.c.objc; path = SimpleCarrieTests.m; sourceTree = "<group>"; };
/* End PBXFileReference section */

/* Begin PBXFrameworksBuildPhase section */
		DB82CE5E1B01DA530045DE83 /* Frameworks */ = {
			isa = PBXFrameworksBuildPhase;
			buildActionMask = 2147483647;
			files = (
			);
			runOnlyForDeploymentPostprocessing = 0;
		};
		DB82CE771B01DA530045DE83 /* Frameworks */ = {
			isa = PBXFrameworksBuildPhase;
			buildActionMask = 2147483647;
			files = (
			);
			runOnlyForDeploymentPostprocessing = 0;
		};
/* End PBXFrameworksBuildPhase section */

/* Begin PBXGroup section */
		DB82CE581B01DA530045DE83 = {
			isa = PBXGroup;
			children = (
				DB82CE631B01DA530045DE83 /* SimpleCarrie */,
				DB82CE7D1B01DA530045DE83 /* SimpleCarrieTests */,
				DB82CE621B01DA530045DE83 /* Products */,
			);
			sourceTree = "<group>";
		};
		DB82CE621B01DA530045DE83 /* Products */ = {
			isa = PBXGroup;
			children = (
				DB82CE611B01DA530045DE83 /* SimpleCarrie.app */,
				DB82CE7A1B01DA530045DE83 /* SimpleCarrieTests.xctest */,
			);
			name = Products;
			sourceTree = "<group>";
		};
		DB82CE631B01DA530045DE83 /* SimpleCarrie */ = {
			isa = PBXGroup;
			children = (
				DB82CE681B01DA530045DE83 /* AppDelegate.h */,
				DB82CE691B01DA530045DE83 /* AppDelegate.m */,
				DB82CE6B1B01DA530045DE83 /* ViewController.h */,
				DB82CE6C1B01DA530045DE83 /* ViewController.m */,
				DB82CE6E1B01DA530045DE83 /* Main.storyboard */,
				DB82CE711B01DA530045DE83 /* Images.xcassets */,
				DB82CE731B01DA530045DE83 /* LaunchScreen.xib */,
				DB82CE641B01DA530045DE83 /* Supporting Files */,
			);
			path = SimpleCarrie;
			sourceTree = "<group>";
		};
		DB82CE641B01DA530045DE83 /* Supporting Files */ = {
			isa = PBXGroup;
			children = (
				DB82CE651B01DA530045DE83 /* Info.plist */,
				DB82CE661B01DA530045DE83 /* main.m */,
			);
			name = "Supporting Files";
			sourceTree = "<group>";
		};
		DB82CE7D1B01DA530045DE83 /* SimpleCarrieTests */ = {
			isa = PBXGroup;
			children = (
				DB82CE801B01DA530045DE83 /* SimpleCarrieTests.m */,
				DB82CE7E1B01DA530045DE83 /* Supporting Files */,
			);
			path = SimpleCarrieTests;
			sourceTree = "<group>";
		};
		DB82CE7E1B01DA530045DE83 /* Supporting Files */ = {
			isa = PBXGroup;
			children = (
				DB82CE7F1B01DA530045DE83 /* Info.plist */,
			);
			name = "Supporting Files";
			sourceTree = "<group>";
		};
/* End PBXGroup section */

/* Begin PBXNativeTarget section */
		DB82CE601B01DA530045DE83 /* SimpleCarrie */ = {
			isa = PBXNativeTarget;
			buildConfigurationList = DB82CE841B01DA530045DE83 /* Build configuration list for PBXNativeTarget "SimpleCarrie" */;
			buildPhases = (
				DB82CE5D1B01DA530045DE83 /* Sources */,
				DB82CE5E1B01DA530045DE83 /* Frameworks */,
				DB82CE5F1B01DA530045DE83 /* Resources */,
			);
			buildRules = (
			);
			dependencies = (
			);
			name = SimpleCarrie;
			productName = SimpleCarrie;
			productReference = DB82CE611B01DA530045DE83 /* SimpleCarrie.app */;
			productType = "com.apple.product-type.application";
		};
		DB82CE791B01DA530045DE83 /* SimpleCarrieTests */ = {
			isa = PBXNativeTarget;
			buildConfigurationList = DB82CE871B01DA530045DE83 /* Build configuration list for PBXNativeTarget "SimpleCarrieTests" */;
			buildPhases = (
				DB82CE761B01DA530045DE83 /* Sources */,
				DB82CE771B01DA530045DE83 /* Frameworks */,
				DB82CE781B01DA530045DE83 /* Resources */,
			);
			buildRules = (
			);
			dependencies = (
				DB82CE7C1B01DA530045DE83 /* PBXTargetDependency */,
			);
			name = SimpleCarrieTests;
			productName = SimpleCarrieTests;
			productReference = DB82CE7A1B01DA530045DE83 /* SimpleCarrieTests.xctest */;
			productType = "com.apple.product-type.bundle.unit-test";
		};
/* End PBXNativeTarget section */

/* Begin PBXProject section */
		DB82CE591B01DA530045DE83 /* Project object */ = {
			isa = PBXProject;
			attributes = {
				LastUpgradeCheck = 0630;
				ORGANIZATIONNAME = P;
				TargetAttributes = {
					DB82CE601B01DA530045DE83 = {
						CreatedOnToolsVersion = 6.3.1;
					};
					DB82CE791B01DA530045DE83 = {
						CreatedOnToolsVersion = 6.3.1;
						TestTargetID = DB82CE601B01DA530045DE83;
					};
				};
			};
			buildConfigurationList = DB82CE5C1B01DA530045DE83 /* Build configuration list for PBXProject "SimpleCarrie" */;
			compatibilityVersion = "Xcode 3.2";
			developmentRegion = English;
			hasScannedForEncodings = 0;
			knownRegions = (
				en,
				Base,
			);
			mainGroup = DB82CE581B01DA530045DE83;
			productRefGroup = DB82CE621B01DA530045DE83 /* Products */;
			projectDirPath = "";
			projectRoot = "";
			targets = (
				DB82CE601B01DA530045DE83 /* SimpleCarrie */,
				DB82CE791B01DA530045DE83 /* SimpleCarrieTests */,
			);
		};
/* End PBXProject section */

/* Begin PBXResourcesBuildPhase section */
		DB82CE5F1B01DA530045DE83 /* Resources */ = {
			isa = PBXResourcesBuildPhase;
			buildActionMask = 2147483647;
			files = (
				DB82CE701B01DA530045DE83 /* Main.storyboard in Resources */,
				DB82CE751B01DA530045DE83 /* LaunchScreen.xib in Resources */,
				DB82CE721B01DA530045DE83 /* Images.xcassets in Resources */,
			);
			runOnlyForDeploymentPostprocessing = 0;
		};
		DB82CE781B01DA530045DE83 /* Resources */ = {
			isa = PBXResourcesBuildPhase;
			buildActionMask = 2147483647;
			files = (
			);
			runOnlyForDeploymentPostprocessing = 0;
		};
/* End PBXResourcesBuildPhase section */

/* Begin PBXSourcesBuildPhase section */
		DB82CE5D1B01DA530045DE83 /* Sources */ = {
			isa = PBXSourcesBuildPhase;
			buildActionMask = 2147483647;
			files = (
				DB82CE6D1B01DA530045DE83 /* ViewController.m in Sources */,
				DB82CE6A1B01DA530045DE83 /* AppDelegate.m in Sources */,
				DB82CE671B01DA530045DE83 /* main.m in Sources */,
			);
			runOnlyForDeploymentPostprocessing = 0;
		};
		DB82CE761B01DA530045DE83 /* Sources */ = {
			isa = PBXSourcesBuildPhase;
			buildActionMask = 2147483647;
			files = (
				DB82CE811B01DA530045DE83 /* SimpleCarrieTests.m in Sources */,
			);
			runOnlyForDeploymentPostprocessing = 0;
		};
/* End PBXSourcesBuildPhase section */

/* Begin PBXTargetDependency section */
		DB82CE7C1B01DA530045DE83 /* PBXTargetDependency */ = {
			isa = PBXTargetDependency;
			target = DB82CE601B01DA530045DE83 /* SimpleCarrie */;
			targetProxy = DB82CE7B1B01DA530045DE83 /* PBXContainerItemProxy */;
		};
/* End PBXTargetDependency section */

/* Begin PBXVariantGroup section */
		DB82CE6E1B01DA530045DE83 /* Main.storyboard */ = {
			isa = PBXVariantGroup;
			children = (
				DB82CE6F1B01DA530045DE83 /* Base */,
			);
			name = Main.storyboard;
			sourceTree = "<group>";
		};
		DB82CE731B01DA530045DE83 /* LaunchScreen.xib */ = {
			isa = PBXVariantGroup;
			children = (
				DB82CE741B01DA530045DE83 /* Base */,
			);
			name = LaunchScreen.xib;
			sourceTree = "<group>";
		};
/* End PBXVariantGroup section */

/* Begin XCBuildConfiguration section */
		DB82CE821B01DA530045DE83 /* Debug */ = {
			isa = XCBuildConfiguration;
			buildSettings = {
				ALWAYS_SEARCH_USER_PATHS = NO;
				CLANG_CXX_LANGUAGE_STANDARD = "gnu++0x";
				CLANG_CXX_LIBRARY = "libc++";
				CLANG_ENABLE_MODULES = YES;
				CLANG_ENABLE_OBJC_ARC = YES;
				CLANG_WARN_BOOL_CONVERSION = YES;
				CLANG_WARN_CONSTANT_CONVERSION = YES;
				CLANG_WARN_DIRECT_OBJC_ISA_USAGE = YES_ERROR;
				CLANG_WARN_EMPTY_BODY = YES;
				CLANG_WARN_ENUM_CONVERSION = YES;
				CLANG_WARN_INT_CONVERSION = YES;
				CLANG_WARN_OBJC_ROOT_CLASS = YES_ERROR;
				CLANG_WARN_UNREACHABLE_CODE = YES;
				CLANG_WARN__DUPLICATE_METHOD_MATCH = YES;
				"CODE_SIGN_IDENTITY[sdk=iphoneos*]" = "iPhone Developer";
				COPY_PHASE_STRIP = NO;
				DEBUG_INFORMATION_FORMAT = "dwarf-with-dsym";
				ENABLE_STRICT_OBJC_MSGSEND = YES;
				GCC_C_LANGUAGE_STANDARD = gnu99;
				GCC_DYNAMIC_NO_PIC = NO;
				GCC_NO_COMMON_BLOCKS = YES;
				GCC_OPTIMIZATION_LEVEL = 0;
				GCC_PREPROCESSOR_DEFINITIONS = (
					"DEBUG=1",
					"$(inherited)",
				);
				GCC_SYMBOLS_PRIVATE_EXTERN = NO;
				GCC_WARN_64_TO_32_BIT_CONVERSION = YES;
				GCC_WARN_ABOUT_RETURN_TYPE = YES_ERROR;
				GCC_WARN_UNDECLARED_SELECTOR = YES;
				GCC_WARN_UNINITIALIZED_AUTOS = YES_AGGRESSIVE;
				GCC_WARN_UNUSED_FUNCTION = YES;
				GCC_WARN_UNUSED_VARIABLE = YES;
				IPHONEOS_DEPLOYMENT_TARGET = 8.3;
				MTL_ENABLE_DEBUG_INFO = YES;
				ONLY_ACTIVE_ARCH = YES;
				SDKROOT = iphoneos;
			};
			name = Debug;
		};
		DB82CE831B01DA530045DE83 /* Release */ = {
			isa = XCBuildConfiguration;
			buildSettings = {
				ALWAYS_SEARCH_USER_PATHS = NO;
				CLANG_CXX_LANGUAGE_STANDARD = "gnu++0x";
				CLANG_CXX_LIBRARY = "libc++";
				CLANG_ENABLE_MODULES = YES;
				CLANG_ENABLE_OBJC_ARC = YES;
				CLANG_WARN_BOOL_CONVERSION = YES;
				CLANG_WARN_CONSTANT_CONVERSION = YES;
				CLANG_WARN_DIRECT_OBJC_ISA_USAGE = YES_ERROR;
				CLANG_WARN_EMPTY_BODY = YES;
				CLANG_WARN_ENUM_CONVERSION = YES;
				CLANG_WARN_INT_CONVERSION = YES;
				CLANG_WARN_OBJC_ROOT_CLASS = YES_ERROR;
				CLANG_WARN_UNREACHABLE_CODE = YES;
				CLANG_WARN__DUPLICATE_METHOD_MATCH = YES;
				"CODE_SIGN_IDENTITY[sdk=iphoneos*]" = "iPhone Developer";
				COPY_PHASE_STRIP = NO;
				DEBUG_INFORMATION_FORMAT = "dwarf-with-dsym";
				ENABLE_NS_ASSERTIONS = NO;
				ENABLE_STRICT_OBJC_MSGSEND = YES;
				GCC_C_LANGUAGE_STANDARD = gnu99;
				GCC_NO_COMMON_BLOCKS = YES;
				GCC_WARN_64_TO_32_BIT_CONVERSION = YES;
				GCC_WARN_ABOUT_RETURN_TYPE = YES_ERROR;
				GCC_WARN_UNDECLARED_SELECTOR = YES;
				GCC_WARN_UNINITIALIZED_AUTOS = YES_AGGRESSIVE;
				GCC_WARN_UNUSED_FUNCTION = YES;
				GCC_WARN_UNUSED_VARIABLE = YES;
				IPHONEOS_DEPLOYMENT_TARGET = 8.3;
				MTL_ENABLE_DEBUG_INFO = NO;
				SDKROOT = iphoneos;
				VALIDATE_PRODUCT = YES;
			};
			name = Release;
		};
		DB82CE851B01DA530045DE83 /* Debug */ = {
			isa = XCBuildConfiguration;
			buildSettings = {
				ASSETCATALOG_COMPILER_APPICON_NAME = AppIcon;
				INFOPLIST_FILE = SimpleCarrie/Info.plist;
				IPHONEOS_DEPLOYMENT_TARGET = 7.0;
				LD_RUNPATH_SEARCH_PATHS = "$(inherited) @executable_path/Frameworks";
				PRODUCT_NAME = "$(TARGET_NAME)";
			};
			name = Debug;
		};
		DB82CE861B01DA530045DE83 /* Release */ = {
			isa = XCBuildConfiguration;
			buildSettings = {
				ASSETCATALOG_COMPILER_APPICON_NAME = AppIcon;
				INFOPLIST_FILE = SimpleCarrie/Info.plist;
				IPHONEOS_DEPLOYMENT_TARGET = 7.0;
				LD_RUNPATH_SEARCH_PATHS = "$(inherited) @executable_path/Frameworks";
				PRODUCT_NAME = "$(TARGET_NAME)";
			};
			name = Release;
		};
		DB82CE881B01DA530045DE83 /* Debug */ = {
			isa = XCBuildConfiguration;
			buildSettings = {
				BUNDLE_LOADER = "$(TEST_HOST)";
				FRAMEWORK_SEARCH_PATHS = (
					"$(SDKROOT)/Developer/Library/Frameworks",
					"$(inherited)",
				);
				GCC_PREPROCESSOR_DEFINITIONS = (
					"DEBUG=1",
					"$(inherited)",
				);
				INFOPLIST_FILE = SimpleCarrieTests/Info.plist;
				LD_RUNPATH_SEARCH_PATHS = "$(inherited) @executable_path/Frameworks @loader_path/Frameworks";
				PRODUCT_NAME = "$(TARGET_NAME)";
				TEST_HOST = "$(BUILT_PRODUCTS_DIR)/SimpleCarrie.app/SimpleCarrie";
			};
			name = Debug;
		};
		DB82CE891B01DA530045DE83 /* Release */ = {
			isa = XCBuildConfiguration;
			buildSettings = {
				BUNDLE_LOADER = "$(TEST_HOST)";
				FRAMEWORK_SEARCH_PATHS = (
					"$(SDKROOT)/Developer/Library/Frameworks",
					"$(inherited)",
				);
				INFOPLIST_FILE = SimpleCarrieTests/Info.plist;
				LD_RUNPATH_SEARCH_PATHS = "$(inherited) @executable_path/Frameworks @loader_path/Frameworks";
				PRODUCT_NAME = "$(TARGET_NAME)";
				TEST_HOST = "$(BUILT_PRODUCTS_DIR)/SimpleCarrie.app/SimpleCarrie";
			};
			name = Release;
		};
/* End XCBuildConfiguration section */

/* Begin XCConfigurationList section */
		DB82CE5C1B01DA530045DE83 /* Build configuration list for PBXProject "SimpleCarrie" */ = {
			isa = XCConfigurationList;
			buildConfigurations = (
				DB82CE821B01DA530045DE83 /* Debug */,
				DB82CE831B01DA530045DE83 /* Release */,
			);
			defaultConfigurationIsVisible = 0;
			defaultConfigurationName = Release;
		};
		DB82CE841B01DA530045DE83 /* Build configuration list for PBXNativeTarget "SimpleCarrie" */ = {
			isa = XCConfigurationList;
			buildConfigurations = (
				DB82CE851B01DA530045DE83 /* Debug */,
				DB82CE861B01DA530045DE83 /* Release */,
			);
			defaultConfigurationIsVisible = 0;
		};
		DB82CE871B01DA530045DE83 /* Build configuration list for PBXNativeTarget "SimpleCarrieTests" */ = {
			isa = XCConfigurationList;
			buildConfigurations = (
				DB82CE881B01DA530045DE83 /* Debug */,
				DB82CE891B01DA530045DE83 /* Release */,
			);
			defaultConfigurationIsVisible = 0;
		};
/* End XCConfigurationList section */
	};
	rootObject = DB82CE591B01DA530045DE83 /* Project object */;
}
